// !$*UTF8*$!
{
	archiveVersion = 1;
	classes = {
	};
	objectVersion = 56;
	objects = {

/* Begin PBXBuildFile section */
		A10000000000000000000001 /* PicscryApp.swift in Sources */ = {isa = PBXBuildFile; fileRef = A10000000000000000000011 /* PicscryApp.swift */; };
		A10000000000000000000002 /* AppRootView.swift in Sources */ = {isa = PBXBuildFile; fileRef = A10000000000000000000012 /* AppRootView.swift */; };
		A10000000000000000000003 /* AuthenticationStore.swift in Sources */ = {isa = PBXBuildFile; fileRef = A10000000000000000000013 /* AuthenticationStore.swift */; };
		A10000000000000000000004 /* LoginView.swift in Sources */ = {isa = PBXBuildFile; fileRef = A10000000000000000000014 /* LoginView.swift */; };
		A10000000000000000000005 /* PhotoLibraryStore.swift in Sources */ = {isa = PBXBuildFile; fileRef = A10000000000000000000015 /* PhotoLibraryStore.swift */; };
		A10000000000000000000006 /* PhotoAssetSummary.swift in Sources */ = {isa = PBXBuildFile; fileRef = A10000000000000000000016 /* PhotoAssetSummary.swift */; };
		A10000000000000000000007 /* PhotoMetadata.swift in Sources */ = {isa = PBXBuildFile; fileRef = A10000000000000000000017 /* PhotoMetadata.swift */; };
		A10000000000000000000008 /* LibraryView.swift in Sources */ = {isa = PBXBuildFile; fileRef = A10000000000000000000018 /* LibraryView.swift */; };
		A10000000000000000000009 /* PhotoThumbnailView.swift in Sources */ = {isa = PBXBuildFile; fileRef = A10000000000000000000019 /* PhotoThumbnailView.swift */; };
		A1000000000000000000000A /* PhotoDetailView.swift in Sources */ = {isa = PBXBuildFile; fileRef = A1000000000000000000001A /* PhotoDetailView.swift */; };
		A1000000000000000000000B /* EmptyStateView.swift in Sources */ = {isa = PBXBuildFile; fileRef = A1000000000000000000001B /* EmptyStateView.swift */; };
		A1000000000000000000000C /* Assets.xcassets in Resources */ = {isa = PBXBuildFile; fileRef = A1000000000000000000001C /* Assets.xcassets */; };
		A1000000000000000000000E /* Diagnostics.swift in Sources */ = {isa = PBXBuildFile; fileRef = A1000000000000000000001F /* Diagnostics.swift */; };
		A1000000000000000000000F /* DiagnosticsView.swift in Sources */ = {isa = PBXBuildFile; fileRef = A10000000000000000000021 /* DiagnosticsView.swift */; };
		A10000000000000000000080 /* FaceModels.swift in Sources */ = {isa = PBXBuildFile; fileRef = A10000000000000000000090 /* FaceModels.swift */; };
		A10000000000000000000081 /* FaceClusteringEngine.swift in Sources */ = {isa = PBXBuildFile; fileRef = A10000000000000000000091 /* FaceClusteringEngine.swift */; };
		A10000000000000000000082 /* FaceDetectionService.swift in Sources */ = {isa = PBXBuildFile; fileRef = A10000000000000000000092 /* FaceDetectionService.swift */; };
		A10000000000000000000083 /* FaceCropService.swift in Sources */ = {isa = PBXBuildFile; fileRef = A10000000000000000000093 /* FaceCropService.swift */; };
		A10000000000000000000084 /* FaceEmbeddingService.swift in Sources */ = {isa = PBXBuildFile; fileRef = A10000000000000000000094 /* FaceEmbeddingService.swift */; };
		A10000000000000000000085 /* FaceRecognitionStore.swift in Sources */ = {isa = PBXBuildFile; fileRef = A10000000000000000000095 /* FaceRecognitionStore.swift */; };
		A100000000000000000000A1 /* FaceEmbeddingDebugExportService.swift in Sources */ = {isa = PBXBuildFile; fileRef = A100000000000000000000A0 /* FaceEmbeddingDebugExportService.swift */; };
		A10000000000000000000086 /* PhotoAssetGridView.swift in Sources */ = {isa = PBXBuildFile; fileRef = A10000000000000000000096 /* PhotoAssetGridView.swift */; };
		A10000000000000000000087 /* MainTabView.swift in Sources */ = {isa = PBXBuildFile; fileRef = A10000000000000000000097 /* MainTabView.swift */; };
		A10000000000000000000088 /* MoreView.swift in Sources */ = {isa = PBXBuildFile; fileRef = A10000000000000000000098 /* MoreView.swift */; };
		A10000000000000000000089 /* PeopleView.swift in Sources */ = {isa = PBXBuildFile; fileRef = A10000000000000000000099 /* PeopleView.swift */; };
		A1000000000000000000008A /* PersonDetailView.swift in Sources */ = {isa = PBXBuildFile; fileRef = A1000000000000000000009A /* PersonDetailView.swift */; };
		A1000000000000000000008B /* PersonPickerView.swift in Sources */ = {isa = PBXBuildFile; fileRef = A1000000000000000000009B /* PersonPickerView.swift */; };
		A1000000000000000000008C /* FaceChipRowView.swift in Sources */ = {isa = PBXBuildFile; fileRef = A1000000000000000000009C /* FaceChipRowView.swift */; };
		A1000000000000000000008D /* FaceAvatarView.swift in Sources */ = {isa = PBXBuildFile; fileRef = A1000000000000000000009D /* FaceAvatarView.swift */; };
		A1000000000000000000008E /* FaceEmbeddingModel.mlmodel in Sources */ = {isa = PBXBuildFile; fileRef = A1000000000000000000009E /* FaceEmbeddingModel.mlmodel */; };
		A1000000000000000000008F /* SFace_LICENSE.txt in Resources */ = {isa = PBXBuildFile; fileRef = A1000000000000000000009F /* SFace_LICENSE.txt */; };
		A100000000000000000000A2 /* FaceDetectionModel.mlmodel in Sources */ = {isa = PBXBuildFile; fileRef = A100000000000000000000A4 /* FaceDetectionModel.mlmodel */; };
		A100000000000000000000A3 /* YuNet_LICENSE.txt in Resources */ = {isa = PBXBuildFile; fileRef = A100000000000000000000A5 /* YuNet_LICENSE.txt */; };
		B20000000000000000000001 /* PicscryTests.swift in Sources */ = {isa = PBXBuildFile; fileRef = B20000000000000000000011 /* PicscryTests.swift */; };
/* End PBXBuildFile section */

/* Begin PBXFileReference section */
		A1000000000000000000000D /* Picscry.app */ = {isa = PBXFileReference; explicitFileType = wrapper.application; includeInIndex = 0; path = Picscry.app; sourceTree = BUILT_PRODUCTS_DIR; };
		A10000000000000000000011 /* PicscryApp.swift */ = {isa = PBXFileReference; lastKnownFileType = sourcecode.swift; path = PicscryApp.swift; sourceTree = "<group>"; };
		A10000000000000000000012 /* AppRootView.swift */ = {isa = PBXFileReference; lastKnownFileType = sourcecode.swift; path = AppRootView.swift; sourceTree = "<group>"; };
		A10000000000000000000013 /* AuthenticationStore.swift */ = {isa = PBXFileReference; lastKnownFileType = sourcecode.swift; path = AuthenticationStore.swift; sourceTree = "<group>"; };
		A10000000000000000000014 /* LoginView.swift */ = {isa = PBXFileReference; lastKnownFileType = sourcecode.swift; path = LoginView.swift; sourceTree = "<group>"; };
		A10000000000000000000015 /* PhotoLibraryStore.swift */ = {isa = PBXFileReference; lastKnownFileType = sourcecode.swift; path = PhotoLibraryStore.swift; sourceTree = "<group>"; };
		A10000000000000000000016 /* PhotoAssetSummary.swift */ = {isa = PBXFileReference; lastKnownFileType = sourcecode.swift; path = PhotoAssetSummary.swift; sourceTree = "<group>"; };
		A10000000000000000000017 /* PhotoMetadata.swift */ = {isa = PBXFileReference; lastKnownFileType = sourcecode.swift; path = PhotoMetadata.swift; sourceTree = "<group>"; };
		A10000000000000000000018 /* LibraryView.swift */ = {isa = PBXFileReference; lastKnownFileType = sourcecode.swift; path = LibraryView.swift; sourceTree = "<group>"; };
		A10000000000000000000019 /* PhotoThumbnailView.swift */ = {isa = PBXFileReference; lastKnownFileType = sourcecode.swift; path = PhotoThumbnailView.swift; sourceTree = "<group>"; };
		A1000000000000000000001A /* PhotoDetailView.swift */ = {isa = PBXFileReference; lastKnownFileType = sourcecode.swift; path = PhotoDetailView.swift; sourceTree = "<group>"; };
		A1000000000000000000001B /* EmptyStateView.swift */ = {isa = PBXFileReference; lastKnownFileType = sourcecode.swift; path = EmptyStateView.swift; sourceTree = "<group>"; };
		A1000000000000000000001C /* Assets.xcassets */ = {isa = PBXFileReference; lastKnownFileType = folder.assetcatalog; path = Assets.xcassets; sourceTree = "<group>"; };
		A1000000000000000000001D /* Picscry.entitlements */ = {isa = PBXFileReference; lastKnownFileType = text.plist.entitlements; path = Picscry.entitlements; sourceTree = "<group>"; };
		A1000000000000000000001E /* Info.plist */ = {isa = PBXFileReference; lastKnownFileType = text.plist.xml; path = Info.plist; sourceTree = "<group>"; };
		A1000000000000000000001F /* Diagnostics.swift */ = {isa = PBXFileReference; lastKnownFileType = sourcecode.swift; path = Diagnostics.swift; sourceTree = "<group>"; };
		A10000000000000000000021 /* DiagnosticsView.swift */ = {isa = PBXFileReference; lastKnownFileType = sourcecode.swift; path = DiagnosticsView.swift; sourceTree = "<group>"; };
		A10000000000000000000090 /* FaceModels.swift */ = {isa = PBXFileReference; lastKnownFileType = sourcecode.swift; path = FaceModels.swift; sourceTree = "<group>"; };
		A10000000000000000000091 /* FaceClusteringEngine.swift */ = {isa = PBXFileReference; lastKnownFileType = sourcecode.swift; path = FaceClusteringEngine.swift; sourceTree = "<group>"; };
		A10000000000000000000092 /* FaceDetectionService.swift */ = {isa = PBXFileReference; lastKnownFileType = sourcecode.swift; path = FaceDetectionService.swift; sourceTree = "<group>"; };
		A10000000000000000000093 /* FaceCropService.swift */ = {isa = PBXFileReference; lastKnownFileType = sourcecode.swift; path = FaceCropService.swift; sourceTree = "<group>"; };
		A10000000000000000000094 /* FaceEmbeddingService.swift */ = {isa = PBXFileReference; lastKnownFileType = sourcecode.swift; path = FaceEmbeddingService.swift; sourceTree = "<group>"; };
		A10000000000000000000095 /* FaceRecognitionStore.swift */ = {isa = PBXFileReference; lastKnownFileType = sourcecode.swift; path = FaceRecognitionStore.swift; sourceTree = "<group>"; };
		A100000000000000000000A0 /* FaceEmbeddingDebugExportService.swift */ = {isa = PBXFileReference; lastKnownFileType = sourcecode.swift; path = FaceEmbeddingDebugExportService.swift; sourceTree = "<group>"; };
		A10000000000000000000096 /* PhotoAssetGridView.swift */ = {isa = PBXFileReference; lastKnownFileType = sourcecode.swift; path = PhotoAssetGridView.swift; sourceTree = "<group>"; };
		A10000000000000000000097 /* MainTabView.swift */ = {isa = PBXFileReference; lastKnownFileType = sourcecode.swift; path = MainTabView.swift; sourceTree = "<group>"; };
		A10000000000000000000098 /* MoreView.swift */ = {isa = PBXFileReference; lastKnownFileType = sourcecode.swift; path = MoreView.swift; sourceTree = "<group>"; };
		A10000000000000000000099 /* PeopleView.swift */ = {isa = PBXFileReference; lastKnownFileType = sourcecode.swift; path = PeopleView.swift; sourceTree = "<group>"; };
		A1000000000000000000009A /* PersonDetailView.swift */ = {isa = PBXFileReference; lastKnownFileType = sourcecode.swift; path = PersonDetailView.swift; sourceTree = "<group>"; };
		A1000000000000000000009B /* PersonPickerView.swift */ = {isa = PBXFileReference; lastKnownFileType = sourcecode.swift; path = PersonPickerView.swift; sourceTree = "<group>"; };
		A1000000000000000000009C /* FaceChipRowView.swift */ = {isa = PBXFileReference; lastKnownFileType = sourcecode.swift; path = FaceChipRowView.swift; sourceTree = "<group>"; };
		A1000000000000000000009D /* FaceAvatarView.swift */ = {isa = PBXFileReference; lastKnownFileType = sourcecode.swift; path = FaceAvatarView.swift; sourceTree = "<group>"; };
		A1000000000000000000009E /* FaceEmbeddingModel.mlmodel */ = {isa = PBXFileReference; lastKnownFileType = file.mlmodel; path = FaceEmbeddingModel.mlmodel; sourceTree = "<group>"; };
		A1000000000000000000009F /* SFace_LICENSE.txt */ = {isa = PBXFileReference; lastKnownFileType = text; path = SFace_LICENSE.txt; sourceTree = "<group>"; };
		A100000000000000000000A4 /* FaceDetectionModel.mlmodel */ = {isa = PBXFileReference; lastKnownFileType = file.mlmodel; path = FaceDetectionModel.mlmodel; sourceTree = "<group>"; };
		A100000000000000000000A5 /* YuNet_LICENSE.txt */ = {isa = PBXFileReference; lastKnownFileType = text; path = YuNet_LICENSE.txt; sourceTree = "<group>"; };
		B2000000000000000000000D /* PicscryTests.xctest */ = {isa = PBXFileReference; explicitFileType = wrapper.cfbundle; includeInIndex = 0; path = PicscryTests.xctest; sourceTree = BUILT_PRODUCTS_DIR; };
		B20000000000000000000011 /* PicscryTests.swift */ = {isa = PBXFileReference; lastKnownFileType = sourcecode.swift; path = PicscryTests.swift; sourceTree = "<group>"; };
/* End PBXFileReference section */

/* Begin PBXFrameworksBuildPhase section */
		A10000000000000000000020 /* Frameworks */ = {
			isa = PBXFrameworksBuildPhase;
			buildActionMask = 2147483647;
			files = (
			);
			runOnlyForDeploymentPostprocessing = 0;
		};
		B20000000000000000000020 /* Frameworks */ = {
			isa = PBXFrameworksBuildPhase;
			buildActionMask = 2147483647;
			files = (
			);
			runOnlyForDeploymentPostprocessing = 0;
		};
/* End PBXFrameworksBuildPhase section */

/* Begin PBXGroup section */
		A10000000000000000000030 = {
			isa = PBXGroup;
			children = (
				A10000000000000000000031 /* Picscry */,
				B20000000000000000000031 /* PicscryTests */,
				A10000000000000000000032 /* Products */,
			);
			sourceTree = "<group>";
		};
		A10000000000000000000031 /* Picscry */ = {
			isa = PBXGroup;
			children = (
				A10000000000000000000011 /* PicscryApp.swift */,
				A10000000000000000000012 /* AppRootView.swift */,
				A1000000000000000000001D /* Picscry.entitlements */,
				A1000000000000000000001E /* Info.plist */,
				A10000000000000000000033 /* Models */,
				A10000000000000000000034 /* Services */,
				A10000000000000000000035 /* Views */,
				A10000000000000000000036 /* Resources */,
				A1000000000000000000001C /* Assets.xcassets */,
			);
			path = Picscry;
			sourceTree = "<group>";
		};
		A10000000000000000000032 /* Products */ = {
			isa = PBXGroup;
			children = (
				A1000000000000000000000D /* Picscry.app */,
				B2000000000000000000000D /* PicscryTests.xctest */,
			);
			name = Products;
			sourceTree = "<group>";
		};
		A10000000000000000000033 /* Models */ = {
			isa = PBXGroup;
			children = (
				A10000000000000000000016 /* PhotoAssetSummary.swift */,
				A10000000000000000000017 /* PhotoMetadata.swift */,
				A10000000000000000000090 /* FaceModels.swift */,
			);
			path = Models;
			sourceTree = "<group>";
		};
		A10000000000000000000034 /* Services */ = {
			isa = PBXGroup;
			children = (
				A10000000000000000000013 /* AuthenticationStore.swift */,
				A10000000000000000000015 /* PhotoLibraryStore.swift */,
				A1000000000000000000001F /* Diagnostics.swift */,
				A10000000000000000000091 /* FaceClusteringEngine.swift */,
				A10000000000000000000092 /* FaceDetectionService.swift */,
				A10000000000000000000093 /* FaceCropService.swift */,
				A10000000000000000000094 /* FaceEmbeddingService.swift */,
				A100000000000000000000A0 /* FaceEmbeddingDebugExportService.swift */,
				A10000000000000000000095 /* FaceRecognitionStore.swift */,
			);
			path = Services;
			sourceTree = "<group>";
		};
		A10000000000000000000035 /* Views */ = {
			isa = PBXGroup;
			children = (
				A10000000000000000000014 /* LoginView.swift */,
				A10000000000000000000097 /* MainTabView.swift */,
				A10000000000000000000098 /* MoreView.swift */,
				A10000000000000000000018 /* LibraryView.swift */,
				A10000000000000000000096 /* PhotoAssetGridView.swift */,
				A10000000000000000000019 /* PhotoThumbnailView.swift */,
				A1000000000000000000001A /* PhotoDetailView.swift */,
				A10000000000000000000099 /* PeopleView.swift */,
				A1000000000000000000009A /* PersonDetailView.swift */,
				A1000000000000000000009B /* PersonPickerView.swift */,
				A1000000000000000000009C /* FaceChipRowView.swift */,
				A1000000000000000000009D /* FaceAvatarView.swift */,
				A1000000000000000000001B /* EmptyStateView.swift */,
				A10000000000000000000021 /* DiagnosticsView.swift */,
			);
			path = Views;
			sourceTree = "<group>";
		};
		A10000000000000000000036 /* Resources */ = {
			isa = PBXGroup;
			children = (
				A100000000000000000000A4 /* FaceDetectionModel.mlmodel */,
				A1000000000000000000009E /* FaceEmbeddingModel.mlmodel */,
				A1000000000000000000009F /* SFace_LICENSE.txt */,
				A100000000000000000000A5 /* YuNet_LICENSE.txt */,
			);
			path = Resources;
			sourceTree = "<group>";
		};
		B20000000000000000000031 /* PicscryTests */ = {
			isa = PBXGroup;
			children = (
				B20000000000000000000011 /* PicscryTests.swift */,
			);
			path = PicscryTests;
			sourceTree = "<group>";
		};
/* End PBXGroup section */

/* Begin PBXNativeTarget section */
		A10000000000000000000040 /* Picscry */ = {
			isa = PBXNativeTarget;
			buildConfigurationList = A10000000000000000000070 /* Build configuration list for PBXNativeTarget "Picscry" */;
			buildPhases = (
				A10000000000000000000041 /* Sources */,
				A10000000000000000000020 /* Frameworks */,
				A10000000000000000000042 /* Resources */,
			);
			buildRules = (
			);
			dependencies = (
			);
			name = Picscry;
			productName = Picscry;
			productReference = A1000000000000000000000D /* Picscry.app */;
			productType = "com.apple.product-type.application";
		};
		B20000000000000000000040 /* PicscryTests */ = {
			isa = PBXNativeTarget;
			buildConfigurationList = B20000000000000000000070 /* Build configuration list for PBXNativeTarget "PicscryTests" */;
			buildPhases = (
				B20000000000000000000041 /* Sources */,
				B20000000000000000000020 /* Frameworks */,
				B20000000000000000000042 /* Resources */,
			);
			buildRules = (
			);
			dependencies = (
				B20000000000000000000050 /* PBXTargetDependency */,
			);
			name = PicscryTests;
			productName = PicscryTests;
			productReference = B2000000000000000000000D /* PicscryTests.xctest */;
			productType = "com.apple.product-type.bundle.unit-test";
		};
/* End PBXNativeTarget section */

/* Begin PBXContainerItemProxy section */
		B20000000000000000000051 /* PBXContainerItemProxy */ = {
			isa = PBXContainerItemProxy;
			containerPortal = A10000000000000000000050 /* Project object */;
			proxyType = 1;
			remoteGlobalIDString = A10000000000000000000040;
			remoteInfo = Picscry;
		};
/* End PBXContainerItemProxy section */

/* Begin PBXProject section */
		A10000000000000000000050 /* Project object */ = {
			isa = PBXProject;
			attributes = {
				BuildIndependentTargetsInParallel = 1;
				LastSwiftUpdateCheck = 1600;
				LastUpgradeCheck = 1600;
				TargetAttributes = {
					A10000000000000000000040 = {
						CreatedOnToolsVersion = 16.0;
					};
					B20000000000000000000040 = {
						CreatedOnToolsVersion = 16.0;
						TestTargetID = A10000000000000000000040;
					};
				};
			};
			buildConfigurationList = A10000000000000000000060 /* Build configuration list for PBXProject "Picscry" */;
			compatibilityVersion = "Xcode 14.0";
			developmentRegion = en;
			hasScannedForEncodings = 0;
			knownRegions = (
				en,
				Base,
			);
			mainGroup = A10000000000000000000030;
			productRefGroup = A10000000000000000000032 /* Products */;
			projectDirPath = "";
			projectRoot = "";
			targets = (
				A10000000000000000000040 /* Picscry */,
				B20000000000000000000040 /* PicscryTests */,
			);
		};
/* End PBXProject section */

/* Begin PBXResourcesBuildPhase section */
		A10000000000000000000042 /* Resources */ = {
			isa = PBXResourcesBuildPhase;
			buildActionMask = 2147483647;
			files = (
				A1000000000000000000000C /* Assets.xcassets in Resources */,
				A1000000000000000000008F /* SFace_LICENSE.txt in Resources */,
				A100000000000000000000A3 /* YuNet_LICENSE.txt in Resources */,
			);
			runOnlyForDeploymentPostprocessing = 0;
		};
		B20000000000000000000042 /* Resources */ = {
			isa = PBXResourcesBuildPhase;
			buildActionMask = 2147483647;
			files = (
			);
			runOnlyForDeploymentPostprocessing = 0;
		};
/* End PBXResourcesBuildPhase section */

/* Begin PBXSourcesBuildPhase section */
		A10000000000000000000041 /* Sources */ = {
			isa = PBXSourcesBuildPhase;
			buildActionMask = 2147483647;
			files = (
				A10000000000000000000001 /* PicscryApp.swift in Sources */,
				A10000000000000000000002 /* AppRootView.swift in Sources */,
				A10000000000000000000003 /* AuthenticationStore.swift in Sources */,
				A10000000000000000000004 /* LoginView.swift in Sources */,
				A10000000000000000000005 /* PhotoLibraryStore.swift in Sources */,
				A10000000000000000000006 /* PhotoAssetSummary.swift in Sources */,
				A10000000000000000000007 /* PhotoMetadata.swift in Sources */,
				A10000000000000000000008 /* LibraryView.swift in Sources */,
				A10000000000000000000009 /* PhotoThumbnailView.swift in Sources */,
				A1000000000000000000000A /* PhotoDetailView.swift in Sources */,
				A1000000000000000000000B /* EmptyStateView.swift in Sources */,
				A1000000000000000000000E /* Diagnostics.swift in Sources */,
				A1000000000000000000000F /* DiagnosticsView.swift in Sources */,
				A10000000000000000000080 /* FaceModels.swift in Sources */,
				A10000000000000000000081 /* FaceClusteringEngine.swift in Sources */,
				A10000000000000000000082 /* FaceDetectionService.swift in Sources */,
				A10000000000000000000083 /* FaceCropService.swift in Sources */,
				A10000000000000000000084 /* FaceEmbeddingService.swift in Sources */,
				A100000000000000000000A1 /* FaceEmbeddingDebugExportService.swift in Sources */,
				A10000000000000000000085 /* FaceRecognitionStore.swift in Sources */,
				A10000000000000000000086 /* PhotoAssetGridView.swift in Sources */,
				A10000000000000000000087 /* MainTabView.swift in Sources */,
				A10000000000000000000088 /* MoreView.swift in Sources */,
				A10000000000000000000089 /* PeopleView.swift in Sources */,
				A1000000000000000000008A /* PersonDetailView.swift in Sources */,
				A1000000000000000000008B /* PersonPickerView.swift in Sources */,
				A1000000000000000000008C /* FaceChipRowView.swift in Sources */,
				A1000000000000000000008D /* FaceAvatarView.swift in Sources */,
				A100000000000000000000A2 /* FaceDetectionModel.mlmodel in Sources */,
				A1000000000000000000008E /* FaceEmbeddingModel.mlmodel in Sources */,
			);
			runOnlyForDeploymentPostprocessing = 0;
		};
		B20000000000000000000041 /* Sources */ = {
			isa = PBXSourcesBuildPhase;
			buildActionMask = 2147483647;
			files = (
				B20000000000000000000001 /* PicscryTests.swift in Sources */,
			);
			runOnlyForDeploymentPostprocessing = 0;
		};
/* End PBXSourcesBuildPhase section */

/* Begin PBXTargetDependency section */
		B20000000000000000000050 /* PBXTargetDependency */ = {
			isa = PBXTargetDependency;
			target = A10000000000000000000040 /* Picscry */;
			targetProxy = B20000000000000000000051 /* PBXContainerItemProxy */;
		};
/* End PBXTargetDependency section */

/* Begin XCBuildConfiguration section */
		A10000000000000000000061 /* Debug */ = {
			isa = XCBuildConfiguration;
			buildSettings = {
				ALWAYS_SEARCH_USER_PATHS = NO;
				CLANG_ANALYZER_NONNULL = YES;
				CLANG_ANALYZER_NUMBER_OBJECT_CONVERSION = YES_AGGRESSIVE;
				CLANG_CXX_LANGUAGE_STANDARD = "gnu++20";
				CLANG_ENABLE_MODULES = YES;
				CLANG_ENABLE_OBJC_ARC = YES;
				CLANG_ENABLE_OBJC_WEAK = YES;
				CLANG_WARN_BLOCK_CAPTURE_AUTORELEASING = YES;
				CLANG_WARN_BOOL_CONVERSION = YES;
				CLANG_WARN_COMMA = YES;
				CLANG_WARN_CONSTANT_CONVERSION = YES;
				CLANG_WARN_DEPRECATED_OBJC_IMPLEMENTATIONS = YES;
				CLANG_WARN_DIRECT_OBJC_ISA_USAGE = YES_ERROR;
				CLANG_WARN_DOCUMENTATION_COMMENTS = YES;
				CLANG_WARN_EMPTY_BODY = YES;
				CLANG_WARN_ENUM_CONVERSION = YES;
				CLANG_WARN_INFINITE_RECURSION = YES;
				CLANG_WARN_INT_CONVERSION = YES;
				CLANG_WARN_NON_LITERAL_NULL_CONVERSION = YES;
				CLANG_WARN_OBJC_IMPLICIT_RETAIN_SELF = YES;
				CLANG_WARN_OBJC_LITERAL_CONVERSION = YES;
				CLANG_WARN_OBJC_ROOT_CLASS = YES_ERROR;
				CLANG_WARN_QUOTED_INCLUDE_IN_FRAMEWORK_HEADER = YES;
				CLANG_WARN_RANGE_LOOP_ANALYSIS = YES;
				CLANG_WARN_STRICT_PROTOTYPES = YES;
				CLANG_WARN_SUSPICIOUS_MOVE = YES;
				CLANG_WARN_UNGUARDED_AVAILABILITY = YES_AGGRESSIVE;
				CLANG_WARN_UNREACHABLE_CODE = YES;
				CLANG_WARN__DUPLICATE_METHOD_MATCH = YES;
				COPY_PHASE_STRIP = NO;
				DEBUG_INFORMATION_FORMAT = dwarf;
				ENABLE_STRICT_OBJC_MSGSEND = YES;
				ENABLE_TESTABILITY = YES;
				GCC_C_LANGUAGE_STANDARD = gnu17;
				GCC_DYNAMIC_NO_PIC = NO;
				GCC_NO_COMMON_BLOCKS = YES;
				GCC_OPTIMIZATION_LEVEL = 0;
				GCC_PREPROCESSOR_DEFINITIONS = (
					"DEBUG=1",
					"$(inherited)",
				);
				GCC_WARN_64_TO_32_BIT_CONVERSION = YES;
				GCC_WARN_ABOUT_RETURN_TYPE = YES_ERROR;
				GCC_WARN_UNDECLARED_SELECTOR = YES;
				GCC_WARN_UNINITIALIZED_AUTOS = YES_AGGRESSIVE;
				GCC_WARN_UNUSED_FUNCTION = YES;
				GCC_WARN_UNUSED_VARIABLE = YES;
				IPHONEOS_DEPLOYMENT_TARGET = 17.0;
				MTL_ENABLE_DEBUG_INFO = INCLUDE_SOURCE;
				MTL_FAST_MATH = YES;
				ONLY_ACTIVE_ARCH = YES;
				SDKROOT = iphoneos;
				SWIFT_ACTIVE_COMPILATION_CONDITIONS = DEBUG;
				SWIFT_OPTIMIZATION_LEVEL = "-Onone";
			};
			name = Debug;
		};
		A10000000000000000000062 /* Release */ = {
			isa = XCBuildConfiguration;
			buildSettings = {
				ALWAYS_SEARCH_USER_PATHS = NO;
				CLANG_ANALYZER_NONNULL = YES;
				CLANG_ANALYZER_NUMBER_OBJECT_CONVERSION = YES_AGGRESSIVE;
				CLANG_CXX_LANGUAGE_STANDARD = "gnu++20";
				CLANG_ENABLE_MODULES = YES;
				CLANG_ENABLE_OBJC_ARC = YES;
				CLANG_ENABLE_OBJC_WEAK = YES;
				CLANG_WARN_BLOCK_CAPTURE_AUTORELEASING = YES;
				CLANG_WARN_BOOL_CONVERSION = YES;
				CLANG_WARN_COMMA = YES;
				CLANG_WARN_CONSTANT_CONVERSION = YES;
				CLANG_WARN_DEPRECATED_OBJC_IMPLEMENTATIONS = YES;
				CLANG_WARN_DIRECT_OBJC_ISA_USAGE = YES_ERROR;
				CLANG_WARN_DOCUMENTATION_COMMENTS = YES;
				CLANG_WARN_EMPTY_BODY = YES;
				CLANG_WARN_ENUM_CONVERSION = YES;
				CLANG_WARN_INFINITE_RECURSION = YES;
				CLANG_WARN_INT_CONVERSION = YES;
				CLANG_WARN_NON_LITERAL_NULL_CONVERSION = YES;
				CLANG_WARN_OBJC_IMPLICIT_RETAIN_SELF = YES;
				CLANG_WARN_OBJC_LITERAL_CONVERSION = YES;
				CLANG_WARN_OBJC_ROOT_CLASS = YES_ERROR;
				CLANG_WARN_QUOTED_INCLUDE_IN_FRAMEWORK_HEADER = YES;
				CLANG_WARN_RANGE_LOOP_ANALYSIS = YES;
				CLANG_WARN_STRICT_PROTOTYPES = YES;
				CLANG_WARN_SUSPICIOUS_MOVE = YES;
				CLANG_WARN_UNGUARDED_AVAILABILITY = YES_AGGRESSIVE;
				CLANG_WARN_UNREACHABLE_CODE = YES;
				CLANG_WARN__DUPLICATE_METHOD_MATCH = YES;
				COPY_PHASE_STRIP = NO;
				DEBUG_INFORMATION_FORMAT = "dwarf-with-dsym";
				ENABLE_NS_ASSERTIONS = NO;
				ENABLE_STRICT_OBJC_MSGSEND = YES;
				GCC_C_LANGUAGE_STANDARD = gnu17;
				GCC_NO_COMMON_BLOCKS = YES;
				GCC_WARN_64_TO_32_BIT_CONVERSION = YES;
				GCC_WARN_ABOUT_RETURN_TYPE = YES_ERROR;
				GCC_WARN_UNDECLARED_SELECTOR = YES;
				GCC_WARN_UNINITIALIZED_AUTOS = YES_AGGRESSIVE;
				GCC_WARN_UNUSED_FUNCTION = YES;
				GCC_WARN_UNUSED_VARIABLE = YES;
				IPHONEOS_DEPLOYMENT_TARGET = 17.0;
				MTL_ENABLE_DEBUG_INFO = NO;
				MTL_FAST_MATH = YES;
				SDKROOT = iphoneos;
				SWIFT_COMPILATION_MODE = wholemodule;
				SWIFT_OPTIMIZATION_LEVEL = "-O";
				VALIDATE_PRODUCT = YES;
			};
			name = Release;
		};
		A10000000000000000000071 /* Debug */ = {
			isa = XCBuildConfiguration;
			buildSettings = {
				ASSETCATALOG_COMPILER_APPICON_NAME = AppIcon;
				CODE_SIGN_ENTITLEMENTS = Picscry/Picscry.entitlements;
				CODE_SIGN_STYLE = Automatic;
				CURRENT_PROJECT_VERSION = 1;
				DEVELOPMENT_ASSET_PATHS = "";
				DEVELOPMENT_TEAM = "";
				ENABLE_PREVIEWS = YES;
				GENERATE_INFOPLIST_FILE = NO;
				INFOPLIST_FILE = Picscry/Info.plist;
				IPHONEOS_DEPLOYMENT_TARGET = 17.0;
				LD_RUNPATH_SEARCH_PATHS = (
					"$(inherited)",
					"@executable_path/Frameworks",
				);
				MARKETING_VERSION = 0.1.0;
				PRODUCT_BUNDLE_IDENTIFIER = com.novanticai.picscry;
				PRODUCT_NAME = "$(TARGET_NAME)";
				SUPPORTED_PLATFORMS = "iphoneos iphonesimulator";
				SUPPORTS_MACCATALYST = NO;
				SUPPORTS_MAC_DESIGNED_FOR_IPHONE_IPAD = NO;
				SWIFT_EMIT_LOC_STRINGS = YES;
				SWIFT_VERSION = 5.0;
				TARGETED_DEVICE_FAMILY = 1;
			};
			name = Debug;
		};
		A10000000000000000000072 /* Release */ = {
			isa = XCBuildConfiguration;
			buildSettings = {
				ASSETCATALOG_COMPILER_APPICON_NAME = AppIcon;
				CODE_SIGN_ENTITLEMENTS = Picscry/Picscry.entitlements;
				CODE_SIGN_STYLE = Automatic;
				CURRENT_PROJECT_VERSION = 1;
				DEVELOPMENT_ASSET_PATHS = "";
				DEVELOPMENT_TEAM = "";
				ENABLE_PREVIEWS = YES;
				GENERATE_INFOPLIST_FILE = NO;
				INFOPLIST_FILE = Picscry/Info.plist;
				IPHONEOS_DEPLOYMENT_TARGET = 17.0;
				LD_RUNPATH_SEARCH_PATHS = (
					"$(inherited)",
					"@executable_path/Frameworks",
				);
				MARKETING_VERSION = 0.1.0;
				PRODUCT_BUNDLE_IDENTIFIER = com.novanticai.picscry;
				PRODUCT_NAME = "$(TARGET_NAME)";
				SUPPORTED_PLATFORMS = "iphoneos iphonesimulator";
				SUPPORTS_MACCATALYST = NO;
				SUPPORTS_MAC_DESIGNED_FOR_IPHONE_IPAD = NO;
				SWIFT_EMIT_LOC_STRINGS = YES;
				SWIFT_VERSION = 5.0;
				TARGETED_DEVICE_FAMILY = 1;
			};
			name = Release;
		};
		B20000000000000000000071 /* Debug */ = {
			isa = XCBuildConfiguration;
			buildSettings = {
				BUNDLE_LOADER = "$(TEST_HOST)";
				CODE_SIGN_STYLE = Automatic;
				CURRENT_PROJECT_VERSION = 1;
				DEVELOPMENT_TEAM = "";
				GENERATE_INFOPLIST_FILE = YES;
				IPHONEOS_DEPLOYMENT_TARGET = 17.0;
				MARKETING_VERSION = 0.1.0;
				PRODUCT_BUNDLE_IDENTIFIER = com.novanticai.picscryTests;
				PRODUCT_NAME = "$(TARGET_NAME)";
				SWIFT_VERSION = 5.0;
				TARGETED_DEVICE_FAMILY = "1,2";
				TEST_HOST = "$(BUILT_PRODUCTS_DIR)/Picscry.app/$(BUNDLE_EXECUTABLE_FOLDER_PATH)/Picscry";
			};
			name = Debug;
		};
		B20000000000000000000072 /* Release */ = {
			isa = XCBuildConfiguration;
			buildSettings = {
				BUNDLE_LOADER = "$(TEST_HOST)";
				CODE_SIGN_STYLE = Automatic;
				CURRENT_PROJECT_VERSION = 1;
				DEVELOPMENT_TEAM = "";
				GENERATE_INFOPLIST_FILE = YES;
				IPHONEOS_DEPLOYMENT_TARGET = 17.0;
				MARKETING_VERSION = 0.1.0;
				PRODUCT_BUNDLE_IDENTIFIER = com.novanticai.picscryTests;
				PRODUCT_NAME = "$(TARGET_NAME)";
				SWIFT_VERSION = 5.0;
				TARGETED_DEVICE_FAMILY = "1,2";
				TEST_HOST = "$(BUILT_PRODUCTS_DIR)/Picscry.app/$(BUNDLE_EXECUTABLE_FOLDER_PATH)/Picscry";
			};
			name = Release;
		};
/* End XCBuildConfiguration section */

/* Begin XCConfigurationList section */
		A10000000000000000000060 /* Build configuration list for PBXProject "Picscry" */ = {
			isa = XCConfigurationList;
			buildConfigurations = (
				A10000000000000000000061 /* Debug */,
				A10000000000000000000062 /* Release */,
			);
			defaultConfigurationIsVisible = 0;
			defaultConfigurationName = Release;
		};
		A10000000000000000000070 /* Build configuration list for PBXNativeTarget "Picscry" */ = {
			isa = XCConfigurationList;
			buildConfigurations = (
				A10000000000000000000071 /* Debug */,
				A10000000000000000000072 /* Release */,
			);
			defaultConfigurationIsVisible = 0;
			defaultConfigurationName = Release;
		};
		B20000000000000000000070 /* Build configuration list for PBXNativeTarget "PicscryTests" */ = {
			isa = XCConfigurationList;
			buildConfigurations = (
				B20000000000000000000071 /* Debug */,
				B20000000000000000000072 /* Release */,
			);
			defaultConfigurationIsVisible = 0;
			defaultConfigurationName = Release;
		};
/* End XCConfigurationList section */
	};
	rootObject = A10000000000000000000050 /* Project object */;
}
